
Microsoft Visual Studio Solution File, Format Version 12.00
# Visual Studio Version 17
VisualStudioVersion = 17.14.36429.23 d17.14
MinimumVisualStudioVersion = 10.0.40219.1
Project("{FAE04EC0-301F-11D3-BF4B-00C04F79EFBC}") = "END3", "END3.csproj", "{6FB6529E-BCAA-4289-BC25-E42449BB80AD}"
EndProject
Global
	GlobalSection(SolutionConfigurationPlatforms) = preSolution
		Debug|Any CPU = Debug|Any CPU
		Release|Any CPU = Release|Any CPU
	EndGlobalSection
	GlobalSection(ProjectConfigurationPlatforms) = postSolution
		{6FB6529E-BCAA-4289-BC25-E42449BB80AD}.Debug|Any CPU.ActiveCfg = Debug|Any CPU
		{6FB6529E-BCAA-4289-BC25-E42449BB80AD}.Debug|Any CPU.Build.0 = Debug|Any CPU
		{6FB6529E-BCAA-4289-BC25-E42449BB80AD}.Release|Any CPU.ActiveCfg = Release|Any CPU
		{6FB6529E-BCAA-4289-BC25-E42449BB80AD}.Release|Any CPU.Build.0 = Release|Any CPU
	EndGlobalSection
	GlobalSection(SolutionProperties) = preSolution
		HideSolutionNode = FALSE
	EndGlobalSection
	GlobalSection(ExtensibilityGlobals) = postSolution
		SolutionGuid = {E6DDAC14-FA38-4925-89E9-B085AFC25329}
	EndGlobalSection
EndGlobal
